
Microsoft Visual Studio Solution File, Format Version 12.00
# Visual Studio Version 16
VisualStudioVersion = 16.0.32901.82
MinimumVisualStudioVersion = 10.0.40219.1
Project("{FAE04EC0-301F-11D3-BF4B-00C04F79EFBC}") = "RatioWebApplication", "RatioWebApplication\RatioWebApplication.csproj", "{50FA602B-C03D-4820-BCF0-A0F24D81F0BC}"
EndProject
Project("{FAE04EC0-301F-11D3-BF4B-00C04F79EFBC}") = "RatioAPIs Fetching", "RatioAPIs Fetching\RatioAPIs Fetching.csproj", "{1DC72BF7-91C7-4FEE-A740-F0C69CBAB5A7}"
EndProject
Global
	GlobalSection(SolutionConfigurationPlatforms) = preSolution
		Debug|Any CPU = Debug|Any CPU
		Release|Any CPU = Release|Any CPU
	EndGlobalSection
	GlobalSection(ProjectConfigurationPlatforms) = postSolution
		{50FA602B-C03D-4820-BCF0-A0F24D81F0BC}.Debug|Any CPU.ActiveCfg = Debug|Any CPU
		{50FA602B-C03D-4820-BCF0-A0F24D81F0BC}.Debug|Any CPU.Build.0 = Debug|Any CPU
		{50FA602B-C03D-4820-BCF0-A0F24D81F0BC}.Release|Any CPU.ActiveCfg = Release|Any CPU
		{50FA602B-C03D-4820-BCF0-A0F24D81F0BC}.Release|Any CPU.Build.0 = Release|Any CPU
		{1DC72BF7-91C7-4FEE-A740-F0C69CBAB5A7}.Debug|Any CPU.ActiveCfg = Debug|Any CPU
		{1DC72BF7-91C7-4FEE-A740-F0C69CBAB5A7}.Debug|Any CPU.Build.0 = Debug|Any CPU
		{1DC72BF7-91C7-4FEE-A740-F0C69CBAB5A7}.Release|Any CPU.ActiveCfg = Release|Any CPU
		{1DC72BF7-91C7-4FEE-A740-F0C69CBAB5A7}.Release|Any CPU.Build.0 = Release|Any CPU
	EndGlobalSection
	GlobalSection(SolutionProperties) = preSolution
		HideSolutionNode = FALSE
	EndGlobalSection
	GlobalSection(ExtensibilityGlobals) = postSolution
		SolutionGuid = {A6272594-7EF7-4F3A-9428-72FB9C8F70C4}
	EndGlobalSection
EndGlobal
